
Microsoft Visual Studio Solution File, Format Version 12.00
# Visual Studio Version 17
VisualStudioVersion = 17.1.32328.378
MinimumVisualStudioVersion = 10.0.40219.1
Project("{FAE04EC0-301F-11D3-BF4B-00C04F79EFBC}") = "Shoppin.Client", "Shoppin.Client\Shoppin.Client.csproj", "{30C0E677-4DC0-47F8-A585-9CB860AC9A0A}"
EndProject
Global
	GlobalSection(SolutionConfigurationPlatforms) = preSolution
		Debug|Any CPU = Debug|Any CPU
		Release|Any CPU = Release|Any CPU
	EndGlobalSection
	GlobalSection(ProjectConfigurationPlatforms) = postSolution
		{30C0E677-4DC0-47F8-A585-9CB860AC9A0A}.Debug|Any CPU.ActiveCfg = Debug|Any CPU
		{30C0E677-4DC0-47F8-A585-9CB860AC9A0A}.Debug|Any CPU.Build.0 = Debug|Any CPU
		{30C0E677-4DC0-47F8-A585-9CB860AC9A0A}.Release|Any CPU.ActiveCfg = Release|Any CPU
		{30C0E677-4DC0-47F8-A585-9CB860AC9A0A}.Release|Any CPU.Build.0 = Release|Any CPU
	EndGlobalSection
	GlobalSection(SolutionProperties) = preSolution
		HideSolutionNode = FALSE
	EndGlobalSection
	GlobalSection(ExtensibilityGlobals) = postSolution
		SolutionGuid = {1526A786-17E2-4F03-A659-0F1A54F8EA4D}
	EndGlobalSection
EndGlobal
